// !$*UTF8*$!
{
	archiveVersion = 1;
	classes = {
	};
	objectVersion = 44;
	objects = {

/* Begin PBXBuildFile section */
		8A1E99A8138721FF00E89BED /* ApplicationServices.framework in Frameworks */ = {isa = PBXBuildFile; fileRef = 8A1E99A7138721FF00E89BED /* ApplicationServices.framework */; };
		8A1E99AD1387222200E89BED /* libz.1.2.3.dylib in Frameworks */ = {isa = PBXBuildFile; fileRef = 8A1E99AC1387222200E89BED /* libz.1.2.3.dylib */; };
		8A1E99C4138722E300E89BED /* ASIInputStream.m in Sources */ = {isa = PBXBuildFile; fileRef = 8A1E99B2138722E300E89BED /* ASIInputStream.m */; };
		8A1E99C5138722E300E89BED /* ASINetworkQueue.m in Sources */ = {isa = PBXBuildFile; fileRef = 8A1E99B3138722E300E89BED /* ASINetworkQueue.m */; };
		8A1E99C6138722E300E89BED /* ASIDownloadCache.m in Sources */ = {isa = PBXBuildFile; fileRef = 8A1E99B4138722E300E89BED /* ASIDownloadCache.m */; };
		8A1E99C7138722E300E89BED /* ASIDataDecompressor.m in Sources */ = {isa = PBXBuildFile; fileRef = 8A1E99B5138722E300E89BED /* ASIDataDecompressor.m */; };
		8A1E99C8138722E300E89BED /* ASIFormDataRequest.m in Sources */ = {isa = PBXBuildFile; fileRef = 8A1E99B9138722E300E89BED /* ASIFormDataRequest.m */; };
		8A1E99C9138722E300E89BED /* ASIHTTPRequest.m in Sources */ = {isa = PBXBuildFile; fileRef = 8A1E99BA138722E300E89BED /* ASIHTTPRequest.m */; };
		8A1E99CA138722E300E89BED /* ASIWebPageRequest.m in Sources */ = {isa = PBXBuildFile; fileRef = 8A1E99BF138722E300E89BED /* ASIWebPageRequest.m */; };
		8A1E99CB138722E300E89BED /* ASIDataCompressor.m in Sources */ = {isa = PBXBuildFile; fileRef = 8A1E99C0138722E300E89BED /* ASIDataCompressor.m */; };
		8A1E9A7E13872AEE00E89BED /* libxml2.2.7.3.dylib in Frameworks */ = {isa = PBXBuildFile; fileRef = 8A1E9A7D13872AEE00E89BED /* libxml2.2.7.3.dylib */; };
		8A7B599613871EE400E2566A /* SystemConfiguration.framework in Frameworks */ = {isa = PBXBuildFile; fileRef = 8A3D0B081386D28400F1535B /* SystemConfiguration.framework */; };
		8D11072A0486CEB800E47090 /* MainMenu.nib in Resources */ = {isa = PBXBuildFile; fileRef = 29B97318FDCFA39411CA2CEA /* MainMenu.nib */; };
		8D11072B0486CEB800E47090 /* InfoPlist.strings in Resources */ = {isa = PBXBuildFile; fileRef = 089C165CFE840E0CC02AAC07 /* InfoPlist.strings */; };
		8D11072D0486CEB800E47090 /* main.m in Sources */ = {isa = PBXBuildFile; fileRef = 29B97316FDCFA39411CA2CEA /* main.m */; settings = {ATTRIBUTES = (); }; };
		8D11072F0486CEB800E47090 /* Cocoa.framework in Frameworks */ = {isa = PBXBuildFile; fileRef = 1058C7A1FEA54F0111CA2CBB /* Cocoa.framework */; };
		C93B4AFA0D7D8DD400B376F9 /* MAAttachedWindow.m in Sources */ = {isa = PBXBuildFile; fileRef = C93B4AF90D7D8DD400B376F9 /* MAAttachedWindow.m */; };
		C9B4A5400D7D7D75009659FA /* AppController.m in Sources */ = {isa = PBXBuildFile; fileRef = C9B4A53F0D7D7D75009659FA /* AppController.m */; };
		C9B4A54D0D7D8C67009659FA /* CustomView.m in Sources */ = {isa = PBXBuildFile; fileRef = C9B4A54C0D7D8C67009659FA /* CustomView.m */; };
/* End PBXBuildFile section */

/* Begin PBXFileReference section */
		089C165DFE840E0CC02AAC07 /* English */ = {isa = PBXFileReference; fileEncoding = 10; lastKnownFileType = text.plist.strings; name = English; path = English.lproj/InfoPlist.strings; sourceTree = "<group>"; };
		1058C7A1FEA54F0111CA2CBB /* Cocoa.framework */ = {isa = PBXFileReference; lastKnownFileType = wrapper.framework; name = Cocoa.framework; path = /System/Library/Frameworks/Cocoa.framework; sourceTree = "<absolute>"; };
		13E42FB307B3F0F600E4EEF1 /* CoreData.framework */ = {isa = PBXFileReference; lastKnownFileType = wrapper.framework; name = CoreData.framework; path = /System/Library/Frameworks/CoreData.framework; sourceTree = "<absolute>"; };
		29B97316FDCFA39411CA2CEA /* main.m */ = {isa = PBXFileReference; fileEncoding = 4; lastKnownFileType = sourcecode.c.objc; path = main.m; sourceTree = "<group>"; };
		29B97319FDCFA39411CA2CEA /* English */ = {isa = PBXFileReference; lastKnownFileType = wrapper.nib; name = English; path = English.lproj/MainMenu.nib; sourceTree = "<group>"; };
		29B97324FDCFA39411CA2CEA /* AppKit.framework */ = {isa = PBXFileReference; lastKnownFileType = wrapper.framework; name = AppKit.framework; path = /System/Library/Frameworks/AppKit.framework; sourceTree = "<absolute>"; };
		29B97325FDCFA39411CA2CEA /* Foundation.framework */ = {isa = PBXFileReference; lastKnownFileType = wrapper.framework; name = Foundation.framework; path = /System/Library/Frameworks/Foundation.framework; sourceTree = "<absolute>"; };
		32CA4F630368D1EE00C91783 /* NSStatusItemTest_Prefix.pch */ = {isa = PBXFileReference; fileEncoding = 4; lastKnownFileType = sourcecode.c.h; path = NSStatusItemTest_Prefix.pch; sourceTree = "<group>"; };
		8A1E99A7138721FF00E89BED /* ApplicationServices.framework */ = {isa = PBXFileReference; lastKnownFileType = wrapper.framework; name = ApplicationServices.framework; path = System/Library/Frameworks/ApplicationServices.framework; sourceTree = SDKROOT; };
		8A1E99AC1387222200E89BED /* libz.1.2.3.dylib */ = {isa = PBXFileReference; lastKnownFileType = "compiled.mach-o.dylib"; name = libz.1.2.3.dylib; path = usr/lib/libz.1.2.3.dylib; sourceTree = SDKROOT; };
		8A1E99AF138722E300E89BED /* ASIProgressDelegate.h */ = {isa = PBXFileReference; fileEncoding = 4; lastKnownFileType = sourcecode.c.h; path = ASIProgressDelegate.h; sourceTree = "<group>"; };
		8A1E99B0138722E300E89BED /* ASIInputStream.h */ = {isa = PBXFileReference; fileEncoding = 4; lastKnownFileType = sourcecode.c.h; path = ASIInputStream.h; sourceTree = "<group>"; };
		8A1E99B1138722E300E89BED /* ASIHTTPRequestConfig.h */ = {isa = PBXFileReference; fileEncoding = 4; lastKnownFileType = sourcecode.c.h; path = ASIHTTPRequestConfig.h; sourceTree = "<group>"; };
		8A1E99B2138722E300E89BED /* ASIInputStream.m */ = {isa = PBXFileReference; fileEncoding = 4; lastKnownFileType = sourcecode.c.objc; path = ASIInputStream.m; sourceTree = "<group>"; };
		8A1E99B3138722E300E89BED /* ASINetworkQueue.m */ = {isa = PBXFileReference; fileEncoding = 4; lastKnownFileType = sourcecode.c.objc; path = ASINetworkQueue.m; sourceTree = "<group>"; };
		8A1E99B4138722E300E89BED /* ASIDownloadCache.m */ = {isa = PBXFileReference; fileEncoding = 4; lastKnownFileType = sourcecode.c.objc; path = ASIDownloadCache.m; sourceTree = "<group>"; };
		8A1E99B5138722E300E89BED /* ASIDataDecompressor.m */ = {isa = PBXFileReference; fileEncoding = 4; lastKnownFileType = sourcecode.c.objc; path = ASIDataDecompressor.m; sourceTree = "<group>"; };
		8A1E99B6138722E300E89BED /* ASINetworkQueue.h */ = {isa = PBXFileReference; fileEncoding = 4; lastKnownFileType = sourcecode.c.h; path = ASINetworkQueue.h; sourceTree = "<group>"; };
		8A1E99B7138722E300E89BED /* ASIDownloadCache.h */ = {isa = PBXFileReference; fileEncoding = 4; lastKnownFileType = sourcecode.c.h; path = ASIDownloadCache.h; sourceTree = "<group>"; };
		8A1E99B8138722E300E89BED /* ASIDataDecompressor.h */ = {isa = PBXFileReference; fileEncoding = 4; lastKnownFileType = sourcecode.c.h; path = ASIDataDecompressor.h; sourceTree = "<group>"; };
		8A1E99B9138722E300E89BED /* ASIFormDataRequest.m */ = {isa = PBXFileReference; fileEncoding = 4; lastKnownFileType = sourcecode.c.objc; path = ASIFormDataRequest.m; sourceTree = "<group>"; };
		8A1E99BA138722E300E89BED /* ASIHTTPRequest.m */ = {isa = PBXFileReference; fileEncoding = 4; lastKnownFileType = sourcecode.c.objc; path = ASIHTTPRequest.m; sourceTree = "<group>"; };
		8A1E99BB138722E300E89BED /* ASIFormDataRequest.h */ = {isa = PBXFileReference; fileEncoding = 4; lastKnownFileType = sourcecode.c.h; path = ASIFormDataRequest.h; sourceTree = "<group>"; };
		8A1E99BC138722E300E89BED /* ASIHTTPRequest.h */ = {isa = PBXFileReference; fileEncoding = 4; lastKnownFileType = sourcecode.c.h; path = ASIHTTPRequest.h; sourceTree = "<group>"; };
		8A1E99BE138722E300E89BED /* ASIWebPageRequest.h */ = {isa = PBXFileReference; fileEncoding = 4; lastKnownFileType = sourcecode.c.h; path = ASIWebPageRequest.h; sourceTree = "<group>"; };
		8A1E99BF138722E300E89BED /* ASIWebPageRequest.m */ = {isa = PBXFileReference; fileEncoding = 4; lastKnownFileType = sourcecode.c.objc; path = ASIWebPageRequest.m; sourceTree = "<group>"; };
		8A1E99C0138722E300E89BED /* ASIDataCompressor.m */ = {isa = PBXFileReference; fileEncoding = 4; lastKnownFileType = sourcecode.c.objc; path = ASIDataCompressor.m; sourceTree = "<group>"; };
		8A1E99C1138722E300E89BED /* ASIHTTPRequestDelegate.h */ = {isa = PBXFileReference; fileEncoding = 4; lastKnownFileType = sourcecode.c.h; path = ASIHTTPRequestDelegate.h; sourceTree = "<group>"; };
		8A1E99C2138722E300E89BED /* ASIDataCompressor.h */ = {isa = PBXFileReference; fileEncoding = 4; lastKnownFileType = sourcecode.c.h; path = ASIDataCompressor.h; sourceTree = "<group>"; };
		8A1E99C3138722E300E89BED /* ASICacheDelegate.h */ = {isa = PBXFileReference; fileEncoding = 4; lastKnownFileType = sourcecode.c.h; path = ASICacheDelegate.h; sourceTree = "<group>"; };
		8A1E9A7D13872AEE00E89BED /* libxml2.2.7.3.dylib */ = {isa = PBXFileReference; lastKnownFileType = "compiled.mach-o.dylib"; path = libxml2.2.7.3.dylib; sourceTree = "<group>"; };
		8A3D0B081386D28400F1535B /* SystemConfiguration.framework */ = {isa = PBXFileReference; lastKnownFileType = wrapper.framework; name = SystemConfiguration.framework; path = System/Library/Frameworks/SystemConfiguration.framework; sourceTree = SDKROOT; };
		8A7B59BA13871FBC00E2566A /* CoreServices.framework */ = {isa = PBXFileReference; lastKnownFileType = wrapper.framework; name = CoreServices.framework; path = System/Library/Frameworks/CoreServices.framework; sourceTree = SDKROOT; };
		8D1107310486CEB800E47090 /* Info.plist */ = {isa = PBXFileReference; fileEncoding = 4; lastKnownFileType = text.plist.xml; path = Info.plist; sourceTree = "<group>"; };
		8D1107320486CEB800E47090 /* NSStatusItemTest.app */ = {isa = PBXFileReference; explicitFileType = wrapper.application; includeInIndex = 0; path = NSStatusItemTest.app; sourceTree = BUILT_PRODUCTS_DIR; };
		C93B4AF80D7D8DD400B376F9 /* MAAttachedWindow.h */ = {isa = PBXFileReference; fileEncoding = 4; lastKnownFileType = sourcecode.c.h; path = MAAttachedWindow.h; sourceTree = "<group>"; };
		C93B4AF90D7D8DD400B376F9 /* MAAttachedWindow.m */ = {isa = PBXFileReference; fileEncoding = 4; lastKnownFileType = sourcecode.c.objc; path = MAAttachedWindow.m; sourceTree = "<group>"; };
		C9B4A53E0D7D7D75009659FA /* AppController.h */ = {isa = PBXFileReference; fileEncoding = 4; lastKnownFileType = sourcecode.c.h; path = AppController.h; sourceTree = "<group>"; };
		C9B4A53F0D7D7D75009659FA /* AppController.m */ = {isa = PBXFileReference; fileEncoding = 4; lastKnownFileType = sourcecode.c.objc; path = AppController.m; sourceTree = "<group>"; };
		C9B4A54B0D7D8C67009659FA /* CustomView.h */ = {isa = PBXFileReference; fileEncoding = 4; lastKnownFileType = sourcecode.c.h; path = CustomView.h; sourceTree = "<group>"; };
		C9B4A54C0D7D8C67009659FA /* CustomView.m */ = {isa = PBXFileReference; fileEncoding = 4; lastKnownFileType = sourcecode.c.objc; path = CustomView.m; sourceTree = "<group>"; };
/* End PBXFileReference section */

/* Begin PBXFrameworksBuildPhase section */
		8D11072E0486CEB800E47090 /* Frameworks */ = {
			isa = PBXFrameworksBuildPhase;
			buildActionMask = 2147483647;
			files = (
				8D11072F0486CEB800E47090 /* Cocoa.framework in Frameworks */,
				8A7B599613871EE400E2566A /* SystemConfiguration.framework in Frameworks */,
				8A1E99A8138721FF00E89BED /* ApplicationServices.framework in Frameworks */,
				8A1E99AD1387222200E89BED /* libz.1.2.3.dylib in Frameworks */,
				8A1E9A7E13872AEE00E89BED /* libxml2.2.7.3.dylib in Frameworks */,
			);
			runOnlyForDeploymentPostprocessing = 0;
		};
/* End PBXFrameworksBuildPhase section */

/* Begin PBXGroup section */
		080E96DDFE201D6D7F000001 /* Classes */ = {
			isa = PBXGroup;
			children = (
				8A1E99AF138722E300E89BED /* ASIProgressDelegate.h */,
				8A1E99B0138722E300E89BED /* ASIInputStream.h */,
				8A1E99B1138722E300E89BED /* ASIHTTPRequestConfig.h */,
				8A1E99B2138722E300E89BED /* ASIInputStream.m */,
				8A1E99B3138722E300E89BED /* ASINetworkQueue.m */,
				8A1E99B4138722E300E89BED /* ASIDownloadCache.m */,
				8A1E99B5138722E300E89BED /* ASIDataDecompressor.m */,
				8A1E99B6138722E300E89BED /* ASINetworkQueue.h */,
				8A1E99B7138722E300E89BED /* ASIDownloadCache.h */,
				8A1E99B8138722E300E89BED /* ASIDataDecompressor.h */,
				8A1E99B9138722E300E89BED /* ASIFormDataRequest.m */,
				8A1E99BA138722E300E89BED /* ASIHTTPRequest.m */,
				8A1E99BB138722E300E89BED /* ASIFormDataRequest.h */,
				8A1E99BC138722E300E89BED /* ASIHTTPRequest.h */,
				8A1E99BD138722E300E89BED /* ASIWebPageRequest */,
				8A1E99C0138722E300E89BED /* ASIDataCompressor.m */,
				8A1E99C1138722E300E89BED /* ASIHTTPRequestDelegate.h */,
				8A1E99C2138722E300E89BED /* ASIDataCompressor.h */,
				8A1E99C3138722E300E89BED /* ASICacheDelegate.h */,
				C9B4A53E0D7D7D75009659FA /* AppController.h */,
				C9B4A53F0D7D7D75009659FA /* AppController.m */,
				C9B4A54B0D7D8C67009659FA /* CustomView.h */,
				C9B4A54C0D7D8C67009659FA /* CustomView.m */,
				C93B4AF80D7D8DD400B376F9 /* MAAttachedWindow.h */,
				C93B4AF90D7D8DD400B376F9 /* MAAttachedWindow.m */,
			);
			name = Classes;
			sourceTree = "<group>";
		};
		1058C7A0FEA54F0111CA2CBB /* Linked Frameworks */ = {
			isa = PBXGroup;
			children = (
				1058C7A1FEA54F0111CA2CBB /* Cocoa.framework */,
			);
			name = "Linked Frameworks";
			sourceTree = "<group>";
		};
		1058C7A2FEA54F0111CA2CBB /* Other Frameworks */ = {
			isa = PBXGroup;
			children = (
				29B97324FDCFA39411CA2CEA /* AppKit.framework */,
				13E42FB307B3F0F600E4EEF1 /* CoreData.framework */,
				29B97325FDCFA39411CA2CEA /* Foundation.framework */,
			);
			name = "Other Frameworks";
			sourceTree = "<group>";
		};
		19C28FACFE9D520D11CA2CBB /* Products */ = {
			isa = PBXGroup;
			children = (
				8D1107320486CEB800E47090 /* NSStatusItemTest.app */,
			);
			name = Products;
			sourceTree = "<group>";
		};
		29B97314FDCFA39411CA2CEA /* NSStatusItemTest */ = {
			isa = PBXGroup;
			children = (
				080E96DDFE201D6D7F000001 /* Classes */,
				29B97315FDCFA39411CA2CEA /* Other Sources */,
				29B97317FDCFA39411CA2CEA /* Resources */,
				29B97323FDCFA39411CA2CEA /* Frameworks */,
				19C28FACFE9D520D11CA2CBB /* Products */,
				8A3D0B081386D28400F1535B /* SystemConfiguration.framework */,
				8A7B59BA13871FBC00E2566A /* CoreServices.framework */,
				8A1E99A7138721FF00E89BED /* ApplicationServices.framework */,
				8A1E99AC1387222200E89BED /* libz.1.2.3.dylib */,
				8A1E9A7D13872AEE00E89BED /* libxml2.2.7.3.dylib */,
			);
			name = NSStatusItemTest;
			sourceTree = "<group>";
		};
		29B97315FDCFA39411CA2CEA /* Other Sources */ = {
			isa = PBXGroup;
			children = (
				32CA4F630368D1EE00C91783 /* NSStatusItemTest_Prefix.pch */,
				29B97316FDCFA39411CA2CEA /* main.m */,
			);
			name = "Other Sources";
			sourceTree = "<group>";
		};
		29B97317FDCFA39411CA2CEA /* Resources */ = {
			isa = PBXGroup;
			children = (
				8D1107310486CEB800E47090 /* Info.plist */,
				089C165CFE840E0CC02AAC07 /* InfoPlist.strings */,
				29B97318FDCFA39411CA2CEA /* MainMenu.nib */,
			);
			name = Resources;
			sourceTree = "<group>";
		};
		29B97323FDCFA39411CA2CEA /* Frameworks */ = {
			isa = PBXGroup;
			children = (
				1058C7A0FEA54F0111CA2CBB /* Linked Frameworks */,
				1058C7A2FEA54F0111CA2CBB /* Other Frameworks */,
			);
			name = Frameworks;
			sourceTree = "<group>";
		};
		8A1E99BD138722E300E89BED /* ASIWebPageRequest */ = {
			isa = PBXGroup;
			children = (
				8A1E99BE138722E300E89BED /* ASIWebPageRequest.h */,
				8A1E99BF138722E300E89BED /* ASIWebPageRequest.m */,
			);
			path = ASIWebPageRequest;
			sourceTree = "<group>";
		};
/* End PBXGroup section */

/* Begin PBXNativeTarget section */
		8D1107260486CEB800E47090 /* NSStatusItemTest */ = {
			isa = PBXNativeTarget;
			buildConfigurationList = C01FCF4A08A954540054247B /* Build configuration list for PBXNativeTarget "NSStatusItemTest" */;
			buildPhases = (
				8D1107290486CEB800E47090 /* Resources */,
				8D11072C0486CEB800E47090 /* Sources */,
				8D11072E0486CEB800E47090 /* Frameworks */,
			);
			buildRules = (
			);
			dependencies = (
			);
			name = NSStatusItemTest;
			productInstallPath = "$(HOME)/Applications";
			productName = NSStatusItemTest;
			productReference = 8D1107320486CEB800E47090 /* NSStatusItemTest.app */;
			productType = "com.apple.product-type.application";
		};
/* End PBXNativeTarget section */

/* Begin PBXProject section */
		29B97313FDCFA39411CA2CEA /* Project object */ = {
			isa = PBXProject;
			buildConfigurationList = C01FCF4E08A954540054247B /* Build configuration list for PBXProject "NSStatusItemTest" */;
			compatibilityVersion = "Xcode 3.0";
			hasScannedForEncodings = 1;
			mainGroup = 29B97314FDCFA39411CA2CEA /* NSStatusItemTest */;
			projectDirPath = "";
			projectRoot = "";
			targets = (
				8D1107260486CEB800E47090 /* NSStatusItemTest */,
			);
		};
/* End PBXProject section */

/* Begin PBXResourcesBuildPhase section */
		8D1107290486CEB800E47090 /* Resources */ = {
			isa = PBXResourcesBuildPhase;
			buildActionMask = 2147483647;
			files = (
				8D11072A0486CEB800E47090 /* MainMenu.nib in Resources */,
				8D11072B0486CEB800E47090 /* InfoPlist.strings in Resources */,
			);
			runOnlyForDeploymentPostprocessing = 0;
		};
/* End PBXResourcesBuildPhase section */

/* Begin PBXSourcesBuildPhase section */
		8D11072C0486CEB800E47090 /* Sources */ = {
			isa = PBXSourcesBuildPhase;
			buildActionMask = 2147483647;
			files = (
				8D11072D0486CEB800E47090 /* main.m in Sources */,
				C9B4A5400D7D7D75009659FA /* AppController.m in Sources */,
				C9B4A54D0D7D8C67009659FA /* CustomView.m in Sources */,
				C93B4AFA0D7D8DD400B376F9 /* MAAttachedWindow.m in Sources */,
				8A1E99C4138722E300E89BED /* ASIInputStream.m in Sources */,
				8A1E99C5138722E300E89BED /* ASINetworkQueue.m in Sources */,
				8A1E99C6138722E300E89BED /* ASIDownloadCache.m in Sources */,
				8A1E99C7138722E300E89BED /* ASIDataDecompressor.m in Sources */,
				8A1E99C8138722E300E89BED /* ASIFormDataRequest.m in Sources */,
				8A1E99C9138722E300E89BED /* ASIHTTPRequest.m in Sources */,
				8A1E99CA138722E300E89BED /* ASIWebPageRequest.m in Sources */,
				8A1E99CB138722E300E89BED /* ASIDataCompressor.m in Sources */,
			);
			runOnlyForDeploymentPostprocessing = 0;
		};
/* End PBXSourcesBuildPhase section */

/* Begin PBXVariantGroup section */
		089C165CFE840E0CC02AAC07 /* InfoPlist.strings */ = {
			isa = PBXVariantGroup;
			children = (
				089C165DFE840E0CC02AAC07 /* English */,
			);
			name = InfoPlist.strings;
			sourceTree = "<group>";
		};
		29B97318FDCFA39411CA2CEA /* MainMenu.nib */ = {
			isa = PBXVariantGroup;
			children = (
				29B97319FDCFA39411CA2CEA /* English */,
			);
			name = MainMenu.nib;
			sourceTree = "<group>";
		};
/* End PBXVariantGroup section */

/* Begin XCBuildConfiguration section */
		C01FCF4B08A954540054247B /* Debug */ = {
			isa = XCBuildConfiguration;
			buildSettings = {
				COPY_PHASE_STRIP = NO;
				FRAMEWORK_SEARCH_PATHS = (
					"$(inherited)",
					"\"$(SRCROOT)\"",
				);
				GCC_DYNAMIC_NO_PIC = NO;
				GCC_ENABLE_FIX_AND_CONTINUE = YES;
				GCC_MODEL_TUNING = G5;
				GCC_OPTIMIZATION_LEVEL = 0;
				GCC_PRECOMPILE_PREFIX_HEADER = YES;
				GCC_PREFIX_HEADER = NSStatusItemTest_Prefix.pch;
				HEADER_SEARCH_PATHS = "";
				INFOPLIST_FILE = Info.plist;
				INSTALL_PATH = "$(HOME)/Applications";
				LIBRARY_SEARCH_PATHS = (
					"$(inherited)",
					"\"$(SRCROOT)\"",
				);
				PRODUCT_NAME = NSStatusItemTest;
				WRAPPER_EXTENSION = app;
				ZERO_LINK = YES;
			};
			name = Debug;
		};
		C01FCF4C08A954540054247B /* Release */ = {
			isa = XCBuildConfiguration;
			buildSettings = {
				DEBUG_INFORMATION_FORMAT = "dwarf-with-dsym";
				FRAMEWORK_SEARCH_PATHS = (
					"$(inherited)",
					"\"$(SRCROOT)\"",
				);
				GCC_MODEL_TUNING = G5;
				GCC_PRECOMPILE_PREFIX_HEADER = YES;
				GCC_PREFIX_HEADER = NSStatusItemTest_Prefix.pch;
				HEADER_SEARCH_PATHS = "";
				INFOPLIST_FILE = Info.plist;
				INSTALL_PATH = "$(HOME)/Applications";
				LIBRARY_SEARCH_PATHS = (
					"$(inherited)",
					"\"$(SRCROOT)\"",
				);
				PRODUCT_NAME = NSStatusItemTest;
				WRAPPER_EXTENSION = app;
			};
			name = Release;
		};
		C01FCF4F08A954540054247B /* Debug */ = {
			isa = XCBuildConfiguration;
			buildSettings = {
				GCC_WARN_ABOUT_RETURN_TYPE = YES;
				GCC_WARN_UNUSED_VARIABLE = YES;
				HEADER_SEARCH_PATHS = (
					"$(SOURCE_ROOT)/include/libxml/**",
					"$(SOURCE_ROOT)/include/**",
				);
				LIBRARY_SEARCH_PATHS = "";
				PREBINDING = NO;
				SDKROOT = "$(DEVELOPER_SDK_DIR)/MacOSX10.5.sdk";
				USER_HEADER_SEARCH_PATHS = "$(SOURCE_ROOT)/include";
			};
			name = Debug;
		};
		C01FCF5008A954540054247B /* Release */ = {
			isa = XCBuildConfiguration;
			buildSettings = {
				ARCHS = (
					ppc,
					i386,
				);
				GCC_WARN_ABOUT_RETURN_TYPE = YES;
				GCC_WARN_UNUSED_VARIABLE = YES;
				HEADER_SEARCH_PATHS = (
					"$(SOURCE_ROOT)/include/libxml/**",
					"$(SOURCE_ROOT)/include/**",
				);
				LIBRARY_SEARCH_PATHS = "";
				PREBINDING = NO;
				SDKROOT = "$(DEVELOPER_SDK_DIR)/MacOSX10.5.sdk";
				USER_HEADER_SEARCH_PATHS = "$(SOURCE_ROOT)/include";
			};
			name = Release;
		};
/* End XCBuildConfiguration section */

/* Begin XCConfigurationList section */
		C01FCF4A08A954540054247B /* Build configuration list for PBXNativeTarget "NSStatusItemTest" */ = {
			isa = XCConfigurationList;
			buildConfigurations = (
				C01FCF4B08A954540054247B /* Debug */,
				C01FCF4C08A954540054247B /* Release */,
			);
			defaultConfigurationIsVisible = 0;
			defaultConfigurationName = Release;
		};
		C01FCF4E08A954540054247B /* Build configuration list for PBXProject "NSStatusItemTest" */ = {
			isa = XCConfigurationList;
			buildConfigurations = (
				C01FCF4F08A954540054247B /* Debug */,
				C01FCF5008A954540054247B /* Release */,
			);
			defaultConfigurationIsVisible = 0;
			defaultConfigurationName = Release;
		};
/* End XCConfigurationList section */
	};
	rootObject = 29B97313FDCFA39411CA2CEA /* Project object */;
}
